// !$*UTF8*$!
{
	archiveVersion = 1;
	classes = {
	};
	objectVersion = 50;
	objects = {

/* Begin PBXBuildFile section */
		693163C8232F8581003FB33D /* ImageCollectionViewCell.xib in Resources */ = {isa = PBXBuildFile; fileRef = 693163C7232F8581003FB33D /* ImageCollectionViewCell.xib */; };
		693163CA232F96F1003FB33D /* ActivityIndicatorReusableView.swift in Sources */ = {isa = PBXBuildFile; fileRef = 693163C9232F96F1003FB33D /* ActivityIndicatorReusableView.swift */; };
		693163CC232F973D003FB33D /* ActivityIndicatorReusableView.xib in Resources */ = {isa = PBXBuildFile; fileRef = 693163CB232F973D003FB33D /* ActivityIndicatorReusableView.xib */; };
		693163CE232F989D003FB33D /* SupplementaryViewType.swift in Sources */ = {isa = PBXBuildFile; fileRef = 693163CD232F989D003FB33D /* SupplementaryViewType.swift */; };
		693163D2232F9F6F003FB33D /* FlickrImageFetcher.swift in Sources */ = {isa = PBXBuildFile; fileRef = 693163D1232F9F6F003FB33D /* FlickrImageFetcher.swift */; };
		693163D4232FA535003FB33D /* ImageSearchPresenter.swift in Sources */ = {isa = PBXBuildFile; fileRef = 693163D3232FA535003FB33D /* ImageSearchPresenter.swift */; };
		693163D8232FA6EF003FB33D /* ImageSearchError.swift in Sources */ = {isa = PBXBuildFile; fileRef = 693163D7232FA6EF003FB33D /* ImageSearchError.swift */; };
		693163DA232FBE8B003FB33D /* URLSessionExtensions.swift in Sources */ = {isa = PBXBuildFile; fileRef = 693163D9232FBE8B003FB33D /* URLSessionExtensions.swift */; };
		693163DC232FC7C6003FB33D /* ImageFetcher.swift in Sources */ = {isa = PBXBuildFile; fileRef = 693163DB232FC7C6003FB33D /* ImageFetcher.swift */; };
		693163DE232FC84A003FB33D /* Image.swift in Sources */ = {isa = PBXBuildFile; fileRef = 693163DD232FC84A003FB33D /* Image.swift */; };
		693163E1232FCA6C003FB33D /* ImageSearchBuilder.swift in Sources */ = {isa = PBXBuildFile; fileRef = 693163E0232FCA6C003FB33D /* ImageSearchBuilder.swift */; };
		693163E3232FCA9D003FB33D /* StoryboardInstantiable.swift in Sources */ = {isa = PBXBuildFile; fileRef = 693163E2232FCA9D003FB33D /* StoryboardInstantiable.swift */; };
		693163E52330E706003FB33D /* ImageCacher.swift in Sources */ = {isa = PBXBuildFile; fileRef = 693163E42330E706003FB33D /* ImageCacher.swift */; };
		693163E72330E762003FB33D /* Cacher.swift in Sources */ = {isa = PBXBuildFile; fileRef = 693163E62330E762003FB33D /* Cacher.swift */; };
		693163E92330E895003FB33D /* AppEnvironment.swift in Sources */ = {isa = PBXBuildFile; fileRef = 693163E82330E895003FB33D /* AppEnvironment.swift */; };
		693163EB2330E9B9003FB33D /* Storage.swift in Sources */ = {isa = PBXBuildFile; fileRef = 693163EA2330E9B9003FB33D /* Storage.swift */; };
		693163EF2330F152003FB33D /* NetworkTask.swift in Sources */ = {isa = PBXBuildFile; fileRef = 693163EE2330F152003FB33D /* NetworkTask.swift */; };
		693163F12330F159003FB33D /* Network.swift in Sources */ = {isa = PBXBuildFile; fileRef = 693163F02330F159003FB33D /* Network.swift */; };
		69A9F6E2232F8003008C7A75 /* AppDelegate.swift in Sources */ = {isa = PBXBuildFile; fileRef = 69A9F6E1232F8003008C7A75 /* AppDelegate.swift */; };
		69A9F6E4232F8003008C7A75 /* ImageSearchViewController.swift in Sources */ = {isa = PBXBuildFile; fileRef = 69A9F6E3232F8003008C7A75 /* ImageSearchViewController.swift */; };
		69A9F6E7232F8003008C7A75 /* Main.storyboard in Resources */ = {isa = PBXBuildFile; fileRef = 69A9F6E5232F8003008C7A75 /* Main.storyboard */; };
		69A9F6E9232F8006008C7A75 /* Assets.xcassets in Resources */ = {isa = PBXBuildFile; fileRef = 69A9F6E8232F8006008C7A75 /* Assets.xcassets */; };
		69A9F6EC232F8006008C7A75 /* LaunchScreen.storyboard in Resources */ = {isa = PBXBuildFile; fileRef = 69A9F6EA232F8006008C7A75 /* LaunchScreen.storyboard */; };
		69A9F6F7232F8006008C7A75 /* VeilTests.swift in Sources */ = {isa = PBXBuildFile; fileRef = 69A9F6F6232F8006008C7A75 /* VeilTests.swift */; };
		69A9F703232F81C1008C7A75 /* ImageCollectionViewCell.swift in Sources */ = {isa = PBXBuildFile; fileRef = 69A9F702232F81C1008C7A75 /* ImageCollectionViewCell.swift */; };
		69A9F707232F8355008C7A75 /* Identifiable.swift in Sources */ = {isa = PBXBuildFile; fileRef = 69A9F706232F8355008C7A75 /* Identifiable.swift */; };
/* End PBXBuildFile section */

/* Begin PBXContainerItemProxy section */
		69A9F6F3232F8006008C7A75 /* PBXContainerItemProxy */ = {
			isa = PBXContainerItemProxy;
			containerPortal = 69A9F6D6232F8003008C7A75 /* Project object */;
			proxyType = 1;
			remoteGlobalIDString = 69A9F6DD232F8003008C7A75;
			remoteInfo = Veil;
		};
/* End PBXContainerItemProxy section */

/* Begin PBXFileReference section */
		693163C7232F8581003FB33D /* ImageCollectionViewCell.xib */ = {isa = PBXFileReference; lastKnownFileType = file.xib; path = ImageCollectionViewCell.xib; sourceTree = "<group>"; };
		693163C9232F96F1003FB33D /* ActivityIndicatorReusableView.swift */ = {isa = PBXFileReference; lastKnownFileType = sourcecode.swift; path = ActivityIndicatorReusableView.swift; sourceTree = "<group>"; };
		693163CB232F973D003FB33D /* ActivityIndicatorReusableView.xib */ = {isa = PBXFileReference; lastKnownFileType = file.xib; path = ActivityIndicatorReusableView.xib; sourceTree = "<group>"; };
		693163CD232F989D003FB33D /* SupplementaryViewType.swift */ = {isa = PBXFileReference; lastKnownFileType = sourcecode.swift; path = SupplementaryViewType.swift; sourceTree = "<group>"; };
		693163D1232F9F6F003FB33D /* FlickrImageFetcher.swift */ = {isa = PBXFileReference; lastKnownFileType = sourcecode.swift; path = FlickrImageFetcher.swift; sourceTree = "<group>"; };
		693163D3232FA535003FB33D /* ImageSearchPresenter.swift */ = {isa = PBXFileReference; lastKnownFileType = sourcecode.swift; path = ImageSearchPresenter.swift; sourceTree = "<group>"; };
		693163D7232FA6EF003FB33D /* ImageSearchError.swift */ = {isa = PBXFileReference; lastKnownFileType = sourcecode.swift; path = ImageSearchError.swift; sourceTree = "<group>"; };
		693163D9232FBE8B003FB33D /* URLSessionExtensions.swift */ = {isa = PBXFileReference; lastKnownFileType = sourcecode.swift; path = URLSessionExtensions.swift; sourceTree = "<group>"; };
		693163DB232FC7C6003FB33D /* ImageFetcher.swift */ = {isa = PBXFileReference; lastKnownFileType = sourcecode.swift; path = ImageFetcher.swift; sourceTree = "<group>"; };
		693163DD232FC84A003FB33D /* Image.swift */ = {isa = PBXFileReference; lastKnownFileType = sourcecode.swift; path = Image.swift; sourceTree = "<group>"; };
		693163E0232FCA6C003FB33D /* ImageSearchBuilder.swift */ = {isa = PBXFileReference; lastKnownFileType = sourcecode.swift; path = ImageSearchBuilder.swift; sourceTree = "<group>"; };
		693163E2232FCA9D003FB33D /* StoryboardInstantiable.swift */ = {isa = PBXFileReference; lastKnownFileType = sourcecode.swift; path = StoryboardInstantiable.swift; sourceTree = "<group>"; };
		693163E42330E706003FB33D /* ImageCacher.swift */ = {isa = PBXFileReference; lastKnownFileType = sourcecode.swift; path = ImageCacher.swift; sourceTree = "<group>"; };
		693163E62330E762003FB33D /* Cacher.swift */ = {isa = PBXFileReference; lastKnownFileType = sourcecode.swift; path = Cacher.swift; sourceTree = "<group>"; };
		693163E82330E895003FB33D /* AppEnvironment.swift */ = {isa = PBXFileReference; lastKnownFileType = sourcecode.swift; path = AppEnvironment.swift; sourceTree = "<group>"; };
		693163EA2330E9B9003FB33D /* Storage.swift */ = {isa = PBXFileReference; lastKnownFileType = sourcecode.swift; path = Storage.swift; sourceTree = "<group>"; };
		693163EE2330F152003FB33D /* NetworkTask.swift */ = {isa = PBXFileReference; fileEncoding = 4; lastKnownFileType = sourcecode.swift; path = NetworkTask.swift; sourceTree = "<group>"; };
		693163F02330F159003FB33D /* Network.swift */ = {isa = PBXFileReference; lastKnownFileType = sourcecode.swift; path = Network.swift; sourceTree = "<group>"; };
		69A9F6DE232F8003008C7A75 /* Veil.app */ = {isa = PBXFileReference; explicitFileType = wrapper.application; includeInIndex = 0; path = Veil.app; sourceTree = BUILT_PRODUCTS_DIR; };
		69A9F6E1232F8003008C7A75 /* AppDelegate.swift */ = {isa = PBXFileReference; lastKnownFileType = sourcecode.swift; path = AppDelegate.swift; sourceTree = "<group>"; };
		69A9F6E3232F8003008C7A75 /* ImageSearchViewController.swift */ = {isa = PBXFileReference; lastKnownFileType = sourcecode.swift; path = ImageSearchViewController.swift; sourceTree = "<group>"; };
		69A9F6E6232F8003008C7A75 /* Base */ = {isa = PBXFileReference; lastKnownFileType = file.storyboard; name = Base; path = Base.lproj/Main.storyboard; sourceTree = "<group>"; };
		69A9F6E8232F8006008C7A75 /* Assets.xcassets */ = {isa = PBXFileReference; lastKnownFileType = folder.assetcatalog; path = Assets.xcassets; sourceTree = "<group>"; };
		69A9F6EB232F8006008C7A75 /* Base */ = {isa = PBXFileReference; lastKnownFileType = file.storyboard; name = Base; path = Base.lproj/LaunchScreen.storyboard; sourceTree = "<group>"; };
		69A9F6ED232F8006008C7A75 /* Info.plist */ = {isa = PBXFileReference; lastKnownFileType = text.plist.xml; path = Info.plist; sourceTree = "<group>"; };
		69A9F6F2232F8006008C7A75 /* VeilTests.xctest */ = {isa = PBXFileReference; explicitFileType = wrapper.cfbundle; includeInIndex = 0; path = VeilTests.xctest; sourceTree = BUILT_PRODUCTS_DIR; };
		69A9F6F6232F8006008C7A75 /* VeilTests.swift */ = {isa = PBXFileReference; lastKnownFileType = sourcecode.swift; path = VeilTests.swift; sourceTree = "<group>"; };
		69A9F6F8232F8006008C7A75 /* Info.plist */ = {isa = PBXFileReference; lastKnownFileType = text.plist.xml; path = Info.plist; sourceTree = "<group>"; };
		69A9F702232F81C1008C7A75 /* ImageCollectionViewCell.swift */ = {isa = PBXFileReference; lastKnownFileType = sourcecode.swift; path = ImageCollectionViewCell.swift; sourceTree = "<group>"; };
		69A9F706232F8355008C7A75 /* Identifiable.swift */ = {isa = PBXFileReference; lastKnownFileType = sourcecode.swift; path = Identifiable.swift; sourceTree = "<group>"; };
/* End PBXFileReference section */

/* Begin PBXFrameworksBuildPhase section */
		69A9F6DB232F8003008C7A75 /* Frameworks */ = {
			isa = PBXFrameworksBuildPhase;
			buildActionMask = 2147483647;
			files = (
			);
			runOnlyForDeploymentPostprocessing = 0;
		};
		69A9F6EF232F8006008C7A75 /* Frameworks */ = {
			isa = PBXFrameworksBuildPhase;
			buildActionMask = 2147483647;
			files = (
			);
			runOnlyForDeploymentPostprocessing = 0;
		};
/* End PBXFrameworksBuildPhase section */

/* Begin PBXGroup section */
		693163CF232F9F24003FB33D /* IBFiles */ = {
			isa = PBXGroup;
			children = (
				69A9F6E5232F8003008C7A75 /* Main.storyboard */,
				693163C7232F8581003FB33D /* ImageCollectionViewCell.xib */,
				693163CB232F973D003FB33D /* ActivityIndicatorReusableView.xib */,
			);
			path = IBFiles;
			sourceTree = "<group>";
		};
		693163D0232F9F38003FB33D /* Protocols */ = {
			isa = PBXGroup;
			children = (
				69A9F706232F8355008C7A75 /* Identifiable.swift */,
				693163CD232F989D003FB33D /* SupplementaryViewType.swift */,
				693163DB232FC7C6003FB33D /* ImageFetcher.swift */,
				693163DD232FC84A003FB33D /* Image.swift */,
				693163E2232FCA9D003FB33D /* StoryboardInstantiable.swift */,
				693163E62330E762003FB33D /* Cacher.swift */,
				693163EA2330E9B9003FB33D /* Storage.swift */,
				693163EE2330F152003FB33D /* NetworkTask.swift */,
				693163F02330F159003FB33D /* Network.swift */,
			);
			path = Protocols;
			sourceTree = "<group>";
		};
		693163DF232FCA51003FB33D /* ImageSearch */ = {
			isa = PBXGroup;
			children = (
				69A9F6E3232F8003008C7A75 /* ImageSearchViewController.swift */,
				693163D3232FA535003FB33D /* ImageSearchPresenter.swift */,
				693163D7232FA6EF003FB33D /* ImageSearchError.swift */,
				69A9F702232F81C1008C7A75 /* ImageCollectionViewCell.swift */,
				693163E0232FCA6C003FB33D /* ImageSearchBuilder.swift */,
			);
			path = ImageSearch;
			sourceTree = "<group>";
		};
		69A9F6D5232F8003008C7A75 = {
			isa = PBXGroup;
			children = (
				69A9F6E0232F8003008C7A75 /* Veil */,
				69A9F6F5232F8006008C7A75 /* VeilTests */,
				69A9F6DF232F8003008C7A75 /* Products */,
			);
			sourceTree = "<group>";
		};
		69A9F6DF232F8003008C7A75 /* Products */ = {
			isa = PBXGroup;
			children = (
				69A9F6DE232F8003008C7A75 /* Veil.app */,
				69A9F6F2232F8006008C7A75 /* VeilTests.xctest */,
			);
			name = Products;
			sourceTree = "<group>";
		};
		69A9F6E0232F8003008C7A75 /* Veil */ = {
			isa = PBXGroup;
			children = (
				69A9F6E1232F8003008C7A75 /* AppDelegate.swift */,
				693163C9232F96F1003FB33D /* ActivityIndicatorReusableView.swift */,
				693163D1232F9F6F003FB33D /* FlickrImageFetcher.swift */,
				693163D9232FBE8B003FB33D /* URLSessionExtensions.swift */,
				693163E42330E706003FB33D /* ImageCacher.swift */,
				693163E82330E895003FB33D /* AppEnvironment.swift */,
				693163DF232FCA51003FB33D /* ImageSearch */,
				693163D0232F9F38003FB33D /* Protocols */,
				693163CF232F9F24003FB33D /* IBFiles */,
				69A9F701232F814D008C7A75 /* SupportingFiles */,
			);
			path = Veil;
			sourceTree = "<group>";
		};
		69A9F6F5232F8006008C7A75 /* VeilTests */ = {
			isa = PBXGroup;
			children = (
				69A9F6F6232F8006008C7A75 /* VeilTests.swift */,
				69A9F6F8232F8006008C7A75 /* Info.plist */,
			);
			path = VeilTests;
			sourceTree = "<group>";
		};
		69A9F701232F814D008C7A75 /* SupportingFiles */ = {
			isa = PBXGroup;
			children = (
				69A9F6E8232F8006008C7A75 /* Assets.xcassets */,
				69A9F6EA232F8006008C7A75 /* LaunchScreen.storyboard */,
				69A9F6ED232F8006008C7A75 /* Info.plist */,
			);
			path = SupportingFiles;
			sourceTree = "<group>";
		};
/* End PBXGroup section */

/* Begin PBXNativeTarget section */
		69A9F6DD232F8003008C7A75 /* Veil */ = {
			isa = PBXNativeTarget;
			buildConfigurationList = 69A9F6FB232F8006008C7A75 /* Build configuration list for PBXNativeTarget "Veil" */;
			buildPhases = (
				69A9F6DA232F8003008C7A75 /* Sources */,
				69A9F6DB232F8003008C7A75 /* Frameworks */,
				69A9F6DC232F8003008C7A75 /* Resources */,
			);
			buildRules = (
			);
			dependencies = (
			);
			name = Veil;
			productName = Veil;
			productReference = 69A9F6DE232F8003008C7A75 /* Veil.app */;
			productType = "com.apple.product-type.application";
		};
		69A9F6F1232F8006008C7A75 /* VeilTests */ = {
			isa = PBXNativeTarget;
			buildConfigurationList = 69A9F6FE232F8006008C7A75 /* Build configuration list for PBXNativeTarget "VeilTests" */;
			buildPhases = (
				69A9F6EE232F8006008C7A75 /* Sources */,
				69A9F6EF232F8006008C7A75 /* Frameworks */,
				69A9F6F0232F8006008C7A75 /* Resources */,
			);
			buildRules = (
			);
			dependencies = (
				69A9F6F4232F8006008C7A75 /* PBXTargetDependency */,
			);
			name = VeilTests;
			productName = VeilTests;
			productReference = 69A9F6F2232F8006008C7A75 /* VeilTests.xctest */;
			productType = "com.apple.product-type.bundle.unit-test";
		};
/* End PBXNativeTarget section */

/* Begin PBXProject section */
		69A9F6D6232F8003008C7A75 /* Project object */ = {
			isa = PBXProject;
			attributes = {
				LastSwiftUpdateCheck = 1030;
				LastUpgradeCheck = 1030;
				ORGANIZATIONNAME = "Alex Culeva";
				TargetAttributes = {
					69A9F6DD232F8003008C7A75 = {
						CreatedOnToolsVersion = 10.3;
					};
					69A9F6F1232F8006008C7A75 = {
						CreatedOnToolsVersion = 10.3;
						TestTargetID = 69A9F6DD232F8003008C7A75;
					};
				};
			};
			buildConfigurationList = 69A9F6D9232F8003008C7A75 /* Build configuration list for PBXProject "Veil" */;
			compatibilityVersion = "Xcode 9.3";
			developmentRegion = en;
			hasScannedForEncodings = 0;
			knownRegions = (
				en,
				Base,
			);
			mainGroup = 69A9F6D5232F8003008C7A75;
			productRefGroup = 69A9F6DF232F8003008C7A75 /* Products */;
			projectDirPath = "";
			projectRoot = "";
			targets = (
				69A9F6DD232F8003008C7A75 /* Veil */,
				69A9F6F1232F8006008C7A75 /* VeilTests */,
			);
		};
/* End PBXProject section */

/* Begin PBXResourcesBuildPhase section */
		69A9F6DC232F8003008C7A75 /* Resources */ = {
			isa = PBXResourcesBuildPhase;
			buildActionMask = 2147483647;
			files = (
				69A9F6EC232F8006008C7A75 /* LaunchScreen.storyboard in Resources */,
				693163C8232F8581003FB33D /* ImageCollectionViewCell.xib in Resources */,
				693163CC232F973D003FB33D /* ActivityIndicatorReusableView.xib in Resources */,
				69A9F6E9232F8006008C7A75 /* Assets.xcassets in Resources */,
				69A9F6E7232F8003008C7A75 /* Main.storyboard in Resources */,
			);
			runOnlyForDeploymentPostprocessing = 0;
		};
		69A9F6F0232F8006008C7A75 /* Resources */ = {
			isa = PBXResourcesBuildPhase;
			buildActionMask = 2147483647;
			files = (
			);
			runOnlyForDeploymentPostprocessing = 0;
		};
/* End PBXResourcesBuildPhase section */

/* Begin PBXSourcesBuildPhase section */
		69A9F6DA232F8003008C7A75 /* Sources */ = {
			isa = PBXSourcesBuildPhase;
			buildActionMask = 2147483647;
			files = (
				693163D8232FA6EF003FB33D /* ImageSearchError.swift in Sources */,
				693163DE232FC84A003FB33D /* Image.swift in Sources */,
				693163E52330E706003FB33D /* ImageCacher.swift in Sources */,
				693163CE232F989D003FB33D /* SupplementaryViewType.swift in Sources */,
				69A9F703232F81C1008C7A75 /* ImageCollectionViewCell.swift in Sources */,
				693163EB2330E9B9003FB33D /* Storage.swift in Sources */,
				693163E3232FCA9D003FB33D /* StoryboardInstantiable.swift in Sources */,
				693163EF2330F152003FB33D /* NetworkTask.swift in Sources */,
				693163D4232FA535003FB33D /* ImageSearchPresenter.swift in Sources */,
				693163E1232FCA6C003FB33D /* ImageSearchBuilder.swift in Sources */,
				693163F12330F159003FB33D /* Network.swift in Sources */,
				693163CA232F96F1003FB33D /* ActivityIndicatorReusableView.swift in Sources */,
				69A9F6E4232F8003008C7A75 /* ImageSearchViewController.swift in Sources */,
				693163DA232FBE8B003FB33D /* URLSessionExtensions.swift in Sources */,
				69A9F707232F8355008C7A75 /* Identifiable.swift in Sources */,
				693163D2232F9F6F003FB33D /* FlickrImageFetcher.swift in Sources */,
				693163E72330E762003FB33D /* Cacher.swift in Sources */,
				693163DC232FC7C6003FB33D /* ImageFetcher.swift in Sources */,
				69A9F6E2232F8003008C7A75 /* AppDelegate.swift in Sources */,
				693163E92330E895003FB33D /* AppEnvironment.swift in Sources */,
			);
			runOnlyForDeploymentPostprocessing = 0;
		};
		69A9F6EE232F8006008C7A75 /* Sources */ = {
			isa = PBXSourcesBuildPhase;
			buildActionMask = 2147483647;
			files = (
				69A9F6F7232F8006008C7A75 /* VeilTests.swift in Sources */,
			);
			runOnlyForDeploymentPostprocessing = 0;
		};
/* End PBXSourcesBuildPhase section */

/* Begin PBXTargetDependency section */
		69A9F6F4232F8006008C7A75 /* PBXTargetDependency */ = {
			isa = PBXTargetDependency;
			target = 69A9F6DD232F8003008C7A75 /* Veil */;
			targetProxy = 69A9F6F3232F8006008C7A75 /* PBXContainerItemProxy */;
		};
/* End PBXTargetDependency section */

/* Begin PBXVariantGroup section */
		69A9F6E5232F8003008C7A75 /* Main.storyboard */ = {
			isa = PBXVariantGroup;
			children = (
				69A9F6E6232F8003008C7A75 /* Base */,
			);
			name = Main.storyboard;
			sourceTree = "<group>";
		};
		69A9F6EA232F8006008C7A75 /* LaunchScreen.storyboard */ = {
			isa = PBXVariantGroup;
			children = (
				69A9F6EB232F8006008C7A75 /* Base */,
			);
			name = LaunchScreen.storyboard;
			sourceTree = "<group>";
		};
/* End PBXVariantGroup section */

/* Begin XCBuildConfiguration section */
		69A9F6F9232F8006008C7A75 /* Debug */ = {
			isa = XCBuildConfiguration;
			buildSettings = {
				ALWAYS_SEARCH_USER_PATHS = NO;
				CLANG_ANALYZER_NONNULL = YES;
				CLANG_ANALYZER_NUMBER_OBJECT_CONVERSION = YES_AGGRESSIVE;
				CLANG_CXX_LANGUAGE_STANDARD = "gnu++14";
				CLANG_CXX_LIBRARY = "libc++";
				CLANG_ENABLE_MODULES = YES;
				CLANG_ENABLE_OBJC_ARC = YES;
				CLANG_ENABLE_OBJC_WEAK = YES;
				CLANG_WARN_BLOCK_CAPTURE_AUTORELEASING = YES;
				CLANG_WARN_BOOL_CONVERSION = YES;
				CLANG_WARN_COMMA = YES;
				CLANG_WARN_CONSTANT_CONVERSION = YES;
				CLANG_WARN_DEPRECATED_OBJC_IMPLEMENTATIONS = YES;
				CLANG_WARN_DIRECT_OBJC_ISA_USAGE = YES_ERROR;
				CLANG_WARN_DOCUMENTATION_COMMENTS = YES;
				CLANG_WARN_EMPTY_BODY = YES;
				CLANG_WARN_ENUM_CONVERSION = YES;
				CLANG_WARN_INFINITE_RECURSION = YES;
				CLANG_WARN_INT_CONVERSION = YES;
				CLANG_WARN_NON_LITERAL_NULL_CONVERSION = YES;
				CLANG_WARN_OBJC_IMPLICIT_RETAIN_SELF = YES;
				CLANG_WARN_OBJC_LITERAL_CONVERSION = YES;
				CLANG_WARN_OBJC_ROOT_CLASS = YES_ERROR;
				CLANG_WARN_RANGE_LOOP_ANALYSIS = YES;
				CLANG_WARN_STRICT_PROTOTYPES = YES;
				CLANG_WARN_SUSPICIOUS_MOVE = YES;
				CLANG_WARN_UNGUARDED_AVAILABILITY = YES_AGGRESSIVE;
				CLANG_WARN_UNREACHABLE_CODE = YES;
				CLANG_WARN__DUPLICATE_METHOD_MATCH = YES;
				CODE_SIGN_IDENTITY = "iPhone Developer";
				COPY_PHASE_STRIP = NO;
				DEBUG_INFORMATION_FORMAT = dwarf;
				ENABLE_STRICT_OBJC_MSGSEND = YES;
				ENABLE_TESTABILITY = YES;
				GCC_C_LANGUAGE_STANDARD = gnu11;
				GCC_DYNAMIC_NO_PIC = NO;
				GCC_NO_COMMON_BLOCKS = YES;
				GCC_OPTIMIZATION_LEVEL = 0;
				GCC_PREPROCESSOR_DEFINITIONS = (
					"DEBUG=1",
					"$(inherited)",
				);
				GCC_WARN_64_TO_32_BIT_CONVERSION = YES;
				GCC_WARN_ABOUT_RETURN_TYPE = YES_ERROR;
				GCC_WARN_UNDECLARED_SELECTOR = YES;
				GCC_WARN_UNINITIALIZED_AUTOS = YES_AGGRESSIVE;
				GCC_WARN_UNUSED_FUNCTION = YES;
				GCC_WARN_UNUSED_VARIABLE = YES;
				IPHONEOS_DEPLOYMENT_TARGET = 12.4;
				MTL_ENABLE_DEBUG_INFO = INCLUDE_SOURCE;
				MTL_FAST_MATH = YES;
				ONLY_ACTIVE_ARCH = YES;
				SDKROOT = iphoneos;
				SWIFT_ACTIVE_COMPILATION_CONDITIONS = DEBUG;
				SWIFT_OPTIMIZATION_LEVEL = "-Onone";
			};
			name = Debug;
		};
		69A9F6FA232F8006008C7A75 /* Release */ = {
			isa = XCBuildConfiguration;
			buildSettings = {
				ALWAYS_SEARCH_USER_PATHS = NO;
				CLANG_ANALYZER_NONNULL = YES;
				CLANG_ANALYZER_NUMBER_OBJECT_CONVERSION = YES_AGGRESSIVE;
				CLANG_CXX_LANGUAGE_STANDARD = "gnu++14";
				CLANG_CXX_LIBRARY = "libc++";
				CLANG_ENABLE_MODULES = YES;
				CLANG_ENABLE_OBJC_ARC = YES;
				CLANG_ENABLE_OBJC_WEAK = YES;
				CLANG_WARN_BLOCK_CAPTURE_AUTORELEASING = YES;
				CLANG_WARN_BOOL_CONVERSION = YES;
				CLANG_WARN_COMMA = YES;
				CLANG_WARN_CONSTANT_CONVERSION = YES;
				CLANG_WARN_DEPRECATED_OBJC_IMPLEMENTATIONS = YES;
				CLANG_WARN_DIRECT_OBJC_ISA_USAGE = YES_ERROR;
				CLANG_WARN_DOCUMENTATION_COMMENTS = YES;
				CLANG_WARN_EMPTY_BODY = YES;
				CLANG_WARN_ENUM_CONVERSION = YES;
				CLANG_WARN_INFINITE_RECURSION = YES;
				CLANG_WARN_INT_CONVERSION = YES;
				CLANG_WARN_NON_LITERAL_NULL_CONVERSION = YES;
				CLANG_WARN_OBJC_IMPLICIT_RETAIN_SELF = YES;
				CLANG_WARN_OBJC_LITERAL_CONVERSION = YES;
				CLANG_WARN_OBJC_ROOT_CLASS = YES_ERROR;
				CLANG_WARN_RANGE_LOOP_ANALYSIS = YES;
				CLANG_WARN_STRICT_PROTOTYPES = YES;
				CLANG_WARN_SUSPICIOUS_MOVE = YES;
				CLANG_WARN_UNGUARDED_AVAILABILITY = YES_AGGRESSIVE;
				CLANG_WARN_UNREACHABLE_CODE = YES;
				CLANG_WARN__DUPLICATE_METHOD_MATCH = YES;
				CODE_SIGN_IDENTITY = "iPhone Developer";
				COPY_PHASE_STRIP = NO;
				DEBUG_INFORMATION_FORMAT = "dwarf-with-dsym";
				ENABLE_NS_ASSERTIONS = NO;
				ENABLE_STRICT_OBJC_MSGSEND = YES;
				GCC_C_LANGUAGE_STANDARD = gnu11;
				GCC_NO_COMMON_BLOCKS = YES;
				GCC_WARN_64_TO_32_BIT_CONVERSION = YES;
				GCC_WARN_ABOUT_RETURN_TYPE = YES_ERROR;
				GCC_WARN_UNDECLARED_SELECTOR = YES;
				GCC_WARN_UNINITIALIZED_AUTOS = YES_AGGRESSIVE;
				GCC_WARN_UNUSED_FUNCTION = YES;
				GCC_WARN_UNUSED_VARIABLE = YES;
				IPHONEOS_DEPLOYMENT_TARGET = 12.4;
				MTL_ENABLE_DEBUG_INFO = NO;
				MTL_FAST_MATH = YES;
				SDKROOT = iphoneos;
				SWIFT_COMPILATION_MODE = wholemodule;
				SWIFT_OPTIMIZATION_LEVEL = "-O";
				VALIDATE_PRODUCT = YES;
			};
			name = Release;
		};
		69A9F6FC232F8006008C7A75 /* Debug */ = {
			isa = XCBuildConfiguration;
			buildSettings = {
				ASSETCATALOG_COMPILER_APPICON_NAME = AppIcon;
				CODE_SIGN_STYLE = Automatic;
				DEVELOPMENT_TEAM = QE33WF5A23;
				INFOPLIST_FILE = "$(SRCROOT)/Veil/SupportingFiles/Info.plist";
				IPHONEOS_DEPLOYMENT_TARGET = 11.0;
				LD_RUNPATH_SEARCH_PATHS = (
					"$(inherited)",
					"@executable_path/Frameworks",
				);
				PRODUCT_BUNDLE_IDENTIFIER = com.s2dent.Veil;
				PRODUCT_NAME = "$(TARGET_NAME)";
				SWIFT_VERSION = 5.0;
				TARGETED_DEVICE_FAMILY = "1,2";
			};
			name = Debug;
		};
		69A9F6FD232F8006008C7A75 /* Release */ = {
			isa = XCBuildConfiguration;
			buildSettings = {
				ASSETCATALOG_COMPILER_APPICON_NAME = AppIcon;
				CODE_SIGN_STYLE = Automatic;
				DEVELOPMENT_TEAM = QE33WF5A23;
				INFOPLIST_FILE = "$(SRCROOT)/Veil/SupportingFiles/Info.plist";
				IPHONEOS_DEPLOYMENT_TARGET = 11.0;
				LD_RUNPATH_SEARCH_PATHS = (
					"$(inherited)",
					"@executable_path/Frameworks",
				);
				PRODUCT_BUNDLE_IDENTIFIER = com.s2dent.Veil;
				PRODUCT_NAME = "$(TARGET_NAME)";
				SWIFT_VERSION = 5.0;
				TARGETED_DEVICE_FAMILY = "1,2";
			};
			name = Release;
		};
		69A9F6FF232F8006008C7A75 /* Debug */ = {
			isa = XCBuildConfiguration;
			buildSettings = {
				ALWAYS_EMBED_SWIFT_STANDARD_LIBRARIES = YES;
				BUNDLE_LOADER = "$(TEST_HOST)";
				CODE_SIGN_STYLE = Automatic;
				DEVELOPMENT_TEAM = QE33WF5A23;
				INFOPLIST_FILE = VeilTests/Info.plist;
				LD_RUNPATH_SEARCH_PATHS = (
					"$(inherited)",
					"@executable_path/Frameworks",
					"@loader_path/Frameworks",
				);
				PRODUCT_BUNDLE_IDENTIFIER = com.s2dent.VeilTests;
				PRODUCT_NAME = "$(TARGET_NAME)";
				SWIFT_VERSION = 5.0;
				TARGETED_DEVICE_FAMILY = "1,2";
				TEST_HOST = "$(BUILT_PRODUCTS_DIR)/Veil.app/Veil";
			};
			name = Debug;
		};
		69A9F700232F8006008C7A75 /* Release */ = {
			isa = XCBuildConfiguration;
			buildSettings = {
				ALWAYS_EMBED_SWIFT_STANDARD_LIBRARIES = YES;
				BUNDLE_LOADER = "$(TEST_HOST)";
				CODE_SIGN_STYLE = Automatic;
				DEVELOPMENT_TEAM = QE33WF5A23;
				INFOPLIST_FILE = VeilTests/Info.plist;
				LD_RUNPATH_SEARCH_PATHS = (
					"$(inherited)",
					"@executable_path/Frameworks",
					"@loader_path/Frameworks",
				);
				PRODUCT_BUNDLE_IDENTIFIER = com.s2dent.VeilTests;
				PRODUCT_NAME = "$(TARGET_NAME)";
				SWIFT_VERSION = 5.0;
				TARGETED_DEVICE_FAMILY = "1,2";
				TEST_HOST = "$(BUILT_PRODUCTS_DIR)/Veil.app/Veil";
			};
			name = Release;
		};
/* End XCBuildConfiguration section */

/* Begin XCConfigurationList section */
		69A9F6D9232F8003008C7A75 /* Build configuration list for PBXProject "Veil" */ = {
			isa = XCConfigurationList;
			buildConfigurations = (
				69A9F6F9232F8006008C7A75 /* Debug */,
				69A9F6FA232F8006008C7A75 /* Release */,
			);
			defaultConfigurationIsVisible = 0;
			defaultConfigurationName = Release;
		};
		69A9F6FB232F8006008C7A75 /* Build configuration list for PBXNativeTarget "Veil" */ = {
			isa = XCConfigurationList;
			buildConfigurations = (
				69A9F6FC232F8006008C7A75 /* Debug */,
				69A9F6FD232F8006008C7A75 /* Release */,
			);
			defaultConfigurationIsVisible = 0;
			defaultConfigurationName = Release;
		};
		69A9F6FE232F8006008C7A75 /* Build configuration list for PBXNativeTarget "VeilTests" */ = {
			isa = XCConfigurationList;
			buildConfigurations = (
				69A9F6FF232F8006008C7A75 /* Debug */,
				69A9F700232F8006008C7A75 /* Release */,
			);
			defaultConfigurationIsVisible = 0;
			defaultConfigurationName = Release;
		};
/* End XCConfigurationList section */
	};
	rootObject = 69A9F6D6232F8003008C7A75 /* Project object */;
}
